// !$*UTF8*$!
{
	archiveVersion = 1;
	classes = {
	};
	objectVersion = 56;
	objects = {

/* Begin PBXBuildFile section */
		BE3A9D112903E56C004A2A64 /* MenuBlock.xib in Resources */ = {isa = PBXBuildFile; fileRef = BE3A9D102903E56C004A2A64 /* MenuBlock.xib */; };
		BE3A9D132903E5A7004A2A64 /* MenuBlock.swift in Sources */ = {isa = PBXBuildFile; fileRef = BE3A9D122903E5A7004A2A64 /* MenuBlock.swift */; };
		BE3A9D162903F440004A2A64 /* Extensions.swift in Sources */ = {isa = PBXBuildFile; fileRef = BE3A9D152903F440004A2A64 /* Extensions.swift */; };
		BE3A9D1829042EBB004A2A64 /* Currency.swift in Sources */ = {isa = PBXBuildFile; fileRef = BE3A9D1729042EBB004A2A64 /* Currency.swift */; };
		BE3A9D1A29042EC7004A2A64 /* Currency.xib in Resources */ = {isa = PBXBuildFile; fileRef = BE3A9D1929042EC7004A2A64 /* Currency.xib */; };
		BE418E622904966B00E7D15C /* MenuBlockDelegate.swift in Sources */ = {isa = PBXBuildFile; fileRef = BE418E612904966B00E7D15C /* MenuBlockDelegate.swift */; };
		BE5B6D7C290301D60078F63A /* AppDelegate.swift in Sources */ = {isa = PBXBuildFile; fileRef = BE5B6D7B290301D60078F63A /* AppDelegate.swift */; };
		BE5B6D7E290301D60078F63A /* SceneDelegate.swift in Sources */ = {isa = PBXBuildFile; fileRef = BE5B6D7D290301D60078F63A /* SceneDelegate.swift */; };
		BE5B6D80290301D60078F63A /* ViewController.swift in Sources */ = {isa = PBXBuildFile; fileRef = BE5B6D7F290301D60078F63A /* ViewController.swift */; };
		BE5B6D83290301D60078F63A /* Main.storyboard in Resources */ = {isa = PBXBuildFile; fileRef = BE5B6D81290301D60078F63A /* Main.storyboard */; };
		BE5B6D85290301D70078F63A /* Assets.xcassets in Resources */ = {isa = PBXBuildFile; fileRef = BE5B6D84290301D70078F63A /* Assets.xcassets */; };
		BE5B6D88290301D70078F63A /* LaunchScreen.storyboard in Resources */ = {isa = PBXBuildFile; fileRef = BE5B6D86290301D70078F63A /* LaunchScreen.storyboard */; };
/* End PBXBuildFile section */

/* Begin PBXFileReference section */
		BE3A9D102903E56C004A2A64 /* MenuBlock.xib */ = {isa = PBXFileReference; lastKnownFileType = file.xib; path = MenuBlock.xib; sourceTree = "<group>"; };
		BE3A9D122903E5A7004A2A64 /* MenuBlock.swift */ = {isa = PBXFileReference; lastKnownFileType = sourcecode.swift; path = MenuBlock.swift; sourceTree = "<group>"; };
		BE3A9D152903F440004A2A64 /* Extensions.swift */ = {isa = PBXFileReference; lastKnownFileType = sourcecode.swift; path = Extensions.swift; sourceTree = "<group>"; };
		BE3A9D1729042EBB004A2A64 /* Currency.swift */ = {isa = PBXFileReference; lastKnownFileType = sourcecode.swift; path = Currency.swift; sourceTree = "<group>"; };
		BE3A9D1929042EC7004A2A64 /* Currency.xib */ = {isa = PBXFileReference; lastKnownFileType = file.xib; path = Currency.xib; sourceTree = "<group>"; };
		BE418E612904966B00E7D15C /* MenuBlockDelegate.swift */ = {isa = PBXFileReference; lastKnownFileType = sourcecode.swift; path = MenuBlockDelegate.swift; sourceTree = "<group>"; };
		BE5B6D78290301D60078F63A /* CustomUIMono.app */ = {isa = PBXFileReference; explicitFileType = wrapper.application; includeInIndex = 0; path = CustomUIMono.app; sourceTree = BUILT_PRODUCTS_DIR; };
		BE5B6D7B290301D60078F63A /* AppDelegate.swift */ = {isa = PBXFileReference; lastKnownFileType = sourcecode.swift; path = AppDelegate.swift; sourceTree = "<group>"; };
		BE5B6D7D290301D60078F63A /* SceneDelegate.swift */ = {isa = PBXFileReference; lastKnownFileType = sourcecode.swift; path = SceneDelegate.swift; sourceTree = "<group>"; };
		BE5B6D7F290301D60078F63A /* ViewController.swift */ = {isa = PBXFileReference; lastKnownFileType = sourcecode.swift; path = ViewController.swift; sourceTree = "<group>"; };
		BE5B6D82290301D60078F63A /* Base */ = {isa = PBXFileReference; lastKnownFileType = file.storyboard; name = Base; path = Base.lproj/Main.storyboard; sourceTree = "<group>"; };
		BE5B6D84290301D70078F63A /* Assets.xcassets */ = {isa = PBXFileReference; lastKnownFileType = folder.assetcatalog; path = Assets.xcassets; sourceTree = "<group>"; };
		BE5B6D87290301D70078F63A /* Base */ = {isa = PBXFileReference; lastKnownFileType = file.storyboard; name = Base; path = Base.lproj/LaunchScreen.storyboard; sourceTree = "<group>"; };
		BE5B6D89290301D70078F63A /* Info.plist */ = {isa = PBXFileReference; lastKnownFileType = text.plist.xml; path = Info.plist; sourceTree = "<group>"; };
/* End PBXFileReference section */

/* Begin PBXFrameworksBuildPhase section */
		BE5B6D75290301D60078F63A /* Frameworks */ = {
			isa = PBXFrameworksBuildPhase;
			buildActionMask = 2147483647;
			files = (
			);
			runOnlyForDeploymentPostprocessing = 0;
		};
/* End PBXFrameworksBuildPhase section */

/* Begin PBXGroup section */
		BE3A9D0E2903E0D3004A2A64 /* MenuBlock */ = {
			isa = PBXGroup;
			children = (
				BE3A9D102903E56C004A2A64 /* MenuBlock.xib */,
				BE3A9D122903E5A7004A2A64 /* MenuBlock.swift */,
			);
			path = MenuBlock;
			sourceTree = "<group>";
		};
		BE3A9D0F2903E0EA004A2A64 /* Currencies */ = {
			isa = PBXGroup;
			children = (
				BE3A9D1729042EBB004A2A64 /* Currency.swift */,
				BE3A9D1929042EC7004A2A64 /* Currency.xib */,
			);
			path = Currencies;
			sourceTree = "<group>";
		};
		BE3A9D142903F413004A2A64 /* Helpers */ = {
			isa = PBXGroup;
			children = (
				BE3A9D152903F440004A2A64 /* Extensions.swift */,
			);
			path = Helpers;
			sourceTree = "<group>";
		};
		BE418E602904965700E7D15C /* Protocols */ = {
			isa = PBXGroup;
			children = (
				BE418E612904966B00E7D15C /* MenuBlockDelegate.swift */,
			);
			path = Protocols;
			sourceTree = "<group>";
		};
		BE5B6D6F290301D60078F63A = {
			isa = PBXGroup;
			children = (
				BE5B6D7A290301D60078F63A /* CustomUIMono */,
				BE5B6D79290301D60078F63A /* Products */,
			);
			sourceTree = "<group>";
		};
		BE5B6D79290301D60078F63A /* Products */ = {
			isa = PBXGroup;
			children = (
				BE5B6D78290301D60078F63A /* CustomUIMono.app */,
			);
			name = Products;
			sourceTree = "<group>";
		};
		BE5B6D7A290301D60078F63A /* CustomUIMono */ = {
			isa = PBXGroup;
			children = (
				BE418E602904965700E7D15C /* Protocols */,
				BE3A9D142903F413004A2A64 /* Helpers */,
				BE3A9D0F2903E0EA004A2A64 /* Currencies */,
				BE3A9D0E2903E0D3004A2A64 /* MenuBlock */,
				BE5B6D7B290301D60078F63A /* AppDelegate.swift */,
				BE5B6D7D290301D60078F63A /* SceneDelegate.swift */,
				BE5B6D7F290301D60078F63A /* ViewController.swift */,
				BE5B6D81290301D60078F63A /* Main.storyboard */,
				BE5B6D84290301D70078F63A /* Assets.xcassets */,
				BE5B6D86290301D70078F63A /* LaunchScreen.storyboard */,
				BE5B6D89290301D70078F63A /* Info.plist */,
			);
			path = CustomUIMono;
			sourceTree = "<group>";
		};
/* End PBXGroup section */

/* Begin PBXNativeTarget section */
		BE5B6D77290301D60078F63A /* CustomUIMono */ = {
			isa = PBXNativeTarget;
			buildConfigurationList = BE5B6D8C290301D70078F63A /* Build configuration list for PBXNativeTarget "CustomUIMono" */;
			buildPhases = (
				BE5B6D74290301D60078F63A /* Sources */,
				BE5B6D75290301D60078F63A /* Frameworks */,
				BE5B6D76290301D60078F63A /* Resources */,
			);
			buildRules = (
			);
			dependencies = (
			);
			name = CustomUIMono;
			productName = CustomUIMono;
			productReference = BE5B6D78290301D60078F63A /* CustomUIMono.app */;
			productType = "com.apple.product-type.application";
		};
/* End PBXNativeTarget section */

/* Begin PBXProject section */
		BE5B6D70290301D60078F63A /* Project object */ = {
			isa = PBXProject;
			attributes = {
				BuildIndependentTargetsInParallel = 1;
				LastSwiftUpdateCheck = 1400;
				LastUpgradeCheck = 1400;
				TargetAttributes = {
					BE5B6D77290301D60078F63A = {
						CreatedOnToolsVersion = 14.0.1;
					};
				};
			};
			buildConfigurationList = BE5B6D73290301D60078F63A /* Build configuration list for PBXProject "CustomUIMono" */;
			compatibilityVersion = "Xcode 14.0";
			developmentRegion = en;
			hasScannedForEncodings = 0;
			knownRegions = (
				en,
				Base,
			);
			mainGroup = BE5B6D6F290301D60078F63A;
			productRefGroup = BE5B6D79290301D60078F63A /* Products */;
			projectDirPath = "";
			projectRoot = "";
			targets = (
				BE5B6D77290301D60078F63A /* CustomUIMono */,
			);
		};
/* End PBXProject section */

/* Begin PBXResourcesBuildPhase section */
		BE5B6D76290301D60078F63A /* Resources */ = {
			isa = PBXResourcesBuildPhase;
			buildActionMask = 2147483647;
			files = (
				BE5B6D88290301D70078F63A /* LaunchScreen.storyboard in Resources */,
				BE5B6D85290301D70078F63A /* Assets.xcassets in Resources */,
				BE3A9D1A29042EC7004A2A64 /* Currency.xib in Resources */,
				BE3A9D112903E56C004A2A64 /* MenuBlock.xib in Resources */,
				BE5B6D83290301D60078F63A /* Main.storyboard in Resources */,
			);
			runOnlyForDeploymentPostprocessing = 0;
		};
/* End PBXResourcesBuildPhase section */

/* Begin PBXSourcesBuildPhase section */
		BE5B6D74290301D60078F63A /* Sources */ = {
			isa = PBXSourcesBuildPhase;
			buildActionMask = 2147483647;
			files = (
				BE3A9D1829042EBB004A2A64 /* Currency.swift in Sources */,
				BE418E622904966B00E7D15C /* MenuBlockDelegate.swift in Sources */,
				BE3A9D162903F440004A2A64 /* Extensions.swift in Sources */,
				BE5B6D80290301D60078F63A /* ViewController.swift in Sources */,
				BE5B6D7C290301D60078F63A /* AppDelegate.swift in Sources */,
				BE3A9D132903E5A7004A2A64 /* MenuBlock.swift in Sources */,
				BE5B6D7E290301D60078F63A /* SceneDelegate.swift in Sources */,
			);
			runOnlyForDeploymentPostprocessing = 0;
		};
/* End PBXSourcesBuildPhase section */

/* Begin PBXVariantGroup section */
		BE5B6D81290301D60078F63A /* Main.storyboard */ = {
			isa = PBXVariantGroup;
			children = (
				BE5B6D82290301D60078F63A /* Base */,
			);
			name = Main.storyboard;
			sourceTree = "<group>";
		};
		BE5B6D86290301D70078F63A /* LaunchScreen.storyboard */ = {
			isa = PBXVariantGroup;
			children = (
				BE5B6D87290301D70078F63A /* Base */,
			);
			name = LaunchScreen.storyboard;
			sourceTree = "<group>";
		};
/* End PBXVariantGroup section */

/* Begin XCBuildConfiguration section */
		BE5B6D8A290301D70078F63A /* Debug */ = {
			isa = XCBuildConfiguration;
			buildSettings = {
				ALWAYS_SEARCH_USER_PATHS = NO;
				CLANG_ANALYZER_NONNULL = YES;
				CLANG_ANALYZER_NUMBER_OBJECT_CONVERSION = YES_AGGRESSIVE;
				CLANG_CXX_LANGUAGE_STANDARD = "gnu++20";
				CLANG_ENABLE_MODULES = YES;
				CLANG_ENABLE_OBJC_ARC = YES;
				CLANG_ENABLE_OBJC_WEAK = YES;
				CLANG_WARN_BLOCK_CAPTURE_AUTORELEASING = YES;
				CLANG_WARN_BOOL_CONVERSION = YES;
				CLANG_WARN_COMMA = YES;
				CLANG_WARN_CONSTANT_CONVERSION = YES;
				CLANG_WARN_DEPRECATED_OBJC_IMPLEMENTATIONS = YES;
				CLANG_WARN_DIRECT_OBJC_ISA_USAGE = YES_ERROR;
				CLANG_WARN_DOCUMENTATION_COMMENTS = YES;
				CLANG_WARN_EMPTY_BODY = YES;
				CLANG_WARN_ENUM_CONVERSION = YES;
				CLANG_WARN_INFINITE_RECURSION = YES;
				CLANG_WARN_INT_CONVERSION = YES;
				CLANG_WARN_NON_LITERAL_NULL_CONVERSION = YES;
				CLANG_WARN_OBJC_IMPLICIT_RETAIN_SELF = YES;
				CLANG_WARN_OBJC_LITERAL_CONVERSION = YES;
				CLANG_WARN_OBJC_ROOT_CLASS = YES_ERROR;
				CLANG_WARN_QUOTED_INCLUDE_IN_FRAMEWORK_HEADER = YES;
				CLANG_WARN_RANGE_LOOP_ANALYSIS = YES;
				CLANG_WARN_STRICT_PROTOTYPES = YES;
				CLANG_WARN_SUSPICIOUS_MOVE = YES;
				CLANG_WARN_UNGUARDED_AVAILABILITY = YES_AGGRESSIVE;
				CLANG_WARN_UNREACHABLE_CODE = YES;
				CLANG_WARN__DUPLICATE_METHOD_MATCH = YES;
				COPY_PHASE_STRIP = NO;
				DEBUG_INFORMATION_FORMAT = dwarf;
				ENABLE_STRICT_OBJC_MSGSEND = YES;
				ENABLE_TESTABILITY = YES;
				GCC_C_LANGUAGE_STANDARD = gnu11;
				GCC_DYNAMIC_NO_PIC = NO;
				GCC_NO_COMMON_BLOCKS = YES;
				GCC_OPTIMIZATION_LEVEL = 0;
				GCC_PREPROCESSOR_DEFINITIONS = (
					"DEBUG=1",
					"$(inherited)",
				);
				GCC_WARN_64_TO_32_BIT_CONVERSION = YES;
				GCC_WARN_ABOUT_RETURN_TYPE = YES_ERROR;
				GCC_WARN_UNDECLARED_SELECTOR = YES;
				GCC_WARN_UNINITIALIZED_AUTOS = YES_AGGRESSIVE;
				GCC_WARN_UNUSED_FUNCTION = YES;
				GCC_WARN_UNUSED_VARIABLE = YES;
				IPHONEOS_DEPLOYMENT_TARGET = 16.0;
				MTL_ENABLE_DEBUG_INFO = INCLUDE_SOURCE;
				MTL_FAST_MATH = YES;
				ONLY_ACTIVE_ARCH = YES;
				SDKROOT = iphoneos;
				SWIFT_ACTIVE_COMPILATION_CONDITIONS = DEBUG;
				SWIFT_OPTIMIZATION_LEVEL = "-Onone";
			};
			name = Debug;
		};
		BE5B6D8B290301D70078F63A /* Release */ = {
			isa = XCBuildConfiguration;
			buildSettings = {
				ALWAYS_SEARCH_USER_PATHS = NO;
				CLANG_ANALYZER_NONNULL = YES;
				CLANG_ANALYZER_NUMBER_OBJECT_CONVERSION = YES_AGGRESSIVE;
				CLANG_CXX_LANGUAGE_STANDARD = "gnu++20";
				CLANG_ENABLE_MODULES = YES;
				CLANG_ENABLE_OBJC_ARC = YES;
				CLANG_ENABLE_OBJC_WEAK = YES;
				CLANG_WARN_BLOCK_CAPTURE_AUTORELEASING = YES;
				CLANG_WARN_BOOL_CONVERSION = YES;
				CLANG_WARN_COMMA = YES;
				CLANG_WARN_CONSTANT_CONVERSION = YES;
				CLANG_WARN_DEPRECATED_OBJC_IMPLEMENTATIONS = YES;
				CLANG_WARN_DIRECT_OBJC_ISA_USAGE = YES_ERROR;
				CLANG_WARN_DOCUMENTATION_COMMENTS = YES;
				CLANG_WARN_EMPTY_BODY = YES;
				CLANG_WARN_ENUM_CONVERSION = YES;
				CLANG_WARN_INFINITE_RECURSION = YES;
				CLANG_WARN_INT_CONVERSION = YES;
				CLANG_WARN_NON_LITERAL_NULL_CONVERSION = YES;
				CLANG_WARN_OBJC_IMPLICIT_RETAIN_SELF = YES;
				CLANG_WARN_OBJC_LITERAL_CONVERSION = YES;
				CLANG_WARN_OBJC_ROOT_CLASS = YES_ERROR;
				CLANG_WARN_QUOTED_INCLUDE_IN_FRAMEWORK_HEADER = YES;
				CLANG_WARN_RANGE_LOOP_ANALYSIS = YES;
				CLANG_WARN_STRICT_PROTOTYPES = YES;
				CLANG_WARN_SUSPICIOUS_MOVE = YES;
				CLANG_WARN_UNGUARDED_AVAILABILITY = YES_AGGRESSIVE;
				CLANG_WARN_UNREACHABLE_CODE = YES;
				CLANG_WARN__DUPLICATE_METHOD_MATCH = YES;
				COPY_PHASE_STRIP = NO;
				DEBUG_INFORMATION_FORMAT = "dwarf-with-dsym";
				ENABLE_NS_ASSERTIONS = NO;
				ENABLE_STRICT_OBJC_MSGSEND = YES;
				GCC_C_LANGUAGE_STANDARD = gnu11;
				GCC_NO_COMMON_BLOCKS = YES;
				GCC_WARN_64_TO_32_BIT_CONVERSION = YES;
				GCC_WARN_ABOUT_RETURN_TYPE = YES_ERROR;
				GCC_WARN_UNDECLARED_SELECTOR = YES;
				GCC_WARN_UNINITIALIZED_AUTOS = YES_AGGRESSIVE;
				GCC_WARN_UNUSED_FUNCTION = YES;
				GCC_WARN_UNUSED_VARIABLE = YES;
				IPHONEOS_DEPLOYMENT_TARGET = 16.0;
				MTL_ENABLE_DEBUG_INFO = NO;
				MTL_FAST_MATH = YES;
				SDKROOT = iphoneos;
				SWIFT_COMPILATION_MODE = wholemodule;
				SWIFT_OPTIMIZATION_LEVEL = "-O";
				VALIDATE_PRODUCT = YES;
			};
			name = Release;
		};
		BE5B6D8D290301D70078F63A /* Debug */ = {
			isa = XCBuildConfiguration;
			buildSettings = {
				ASSETCATALOG_COMPILER_APPICON_NAME = AppIcon;
				ASSETCATALOG_COMPILER_GLOBAL_ACCENT_COLOR_NAME = AccentColor;
				CODE_SIGN_STYLE = Automatic;
				CURRENT_PROJECT_VERSION = 1;
				DEVELOPMENT_TEAM = 637V5ANJMR;
				GENERATE_INFOPLIST_FILE = YES;
				INFOPLIST_FILE = CustomUIMono/Info.plist;
				INFOPLIST_KEY_UIApplicationSupportsIndirectInputEvents = YES;
				INFOPLIST_KEY_UILaunchStoryboardName = LaunchScreen;
				INFOPLIST_KEY_UIMainStoryboardFile = Main;
				INFOPLIST_KEY_UISupportedInterfaceOrientations_iPad = "UIInterfaceOrientationPortrait UIInterfaceOrientationPortraitUpsideDown UIInterfaceOrientationLandscapeLeft UIInterfaceOrientationLandscapeRight";
				INFOPLIST_KEY_UISupportedInterfaceOrientations_iPhone = "UIInterfaceOrientationPortrait UIInterfaceOrientationLandscapeLeft UIInterfaceOrientationLandscapeRight";
				LD_RUNPATH_SEARCH_PATHS = (
					"$(inherited)",
					"@executable_path/Frameworks",
				);
				MARKETING_VERSION = 1.0;
				PRODUCT_BUNDLE_IDENTIFIER = MikhailovskyiYevhenii.CustomUIMono;
				PRODUCT_NAME = "$(TARGET_NAME)";
				SWIFT_EMIT_LOC_STRINGS = YES;
				SWIFT_VERSION = 5.0;
				TARGETED_DEVICE_FAMILY = "1,2";
			};
			name = Debug;
		};
		BE5B6D8E290301D70078F63A /* Release */ = {
			isa = XCBuildConfiguration;
			buildSettings = {
				ASSETCATALOG_COMPILER_APPICON_NAME = AppIcon;
				ASSETCATALOG_COMPILER_GLOBAL_ACCENT_COLOR_NAME = AccentColor;
				CODE_SIGN_STYLE = Automatic;
				CURRENT_PROJECT_VERSION = 1;
				DEVELOPMENT_TEAM = 637V5ANJMR;
				GENERATE_INFOPLIST_FILE = YES;
				INFOPLIST_FILE = CustomUIMono/Info.plist;
				INFOPLIST_KEY_UIApplicationSupportsIndirectInputEvents = YES;
				INFOPLIST_KEY_UILaunchStoryboardName = LaunchScreen;
				INFOPLIST_KEY_UIMainStoryboardFile = Main;
				INFOPLIST_KEY_UISupportedInterfaceOrientations_iPad = "UIInterfaceOrientationPortrait UIInterfaceOrientationPortraitUpsideDown UIInterfaceOrientationLandscapeLeft UIInterfaceOrientationLandscapeRight";
				INFOPLIST_KEY_UISupportedInterfaceOrientations_iPhone = "UIInterfaceOrientationPortrait UIInterfaceOrientationLandscapeLeft UIInterfaceOrientationLandscapeRight";
				LD_RUNPATH_SEARCH_PATHS = (
					"$(inherited)",
					"@executable_path/Frameworks",
				);
				MARKETING_VERSION = 1.0;
				PRODUCT_BUNDLE_IDENTIFIER = MikhailovskyiYevhenii.CustomUIMono;
				PRODUCT_NAME = "$(TARGET_NAME)";
				SWIFT_EMIT_LOC_STRINGS = YES;
				SWIFT_VERSION = 5.0;
				TARGETED_DEVICE_FAMILY = "1,2";
			};
			name = Release;
		};
/* End XCBuildConfiguration section */

/* Begin XCConfigurationList section */
		BE5B6D73290301D60078F63A /* Build configuration list for PBXProject "CustomUIMono" */ = {
			isa = XCConfigurationList;
			buildConfigurations = (
				BE5B6D8A290301D70078F63A /* Debug */,
				BE5B6D8B290301D70078F63A /* Release */,
			);
			defaultConfigurationIsVisible = 0;
			defaultConfigurationName = Release;
		};
		BE5B6D8C290301D70078F63A /* Build configuration list for PBXNativeTarget "CustomUIMono" */ = {
			isa = XCConfigurationList;
			buildConfigurations = (
				BE5B6D8D290301D70078F63A /* Debug */,
				BE5B6D8E290301D70078F63A /* Release */,
			);
			defaultConfigurationIsVisible = 0;
			defaultConfigurationName = Release;
		};
/* End XCConfigurationList section */
	};
	rootObject = BE5B6D70290301D60078F63A /* Project object */;
}
